// !$*UTF8*$!
{
	archiveVersion = 1;
	classes = {
	};
	objectVersion = 56;
	objects = {

/* Begin PBXBuildFile section */
		CC22747F2901733500DF4023 /* AppDelegate.swift in Sources */ = {isa = PBXBuildFile; fileRef = CC22747E2901733500DF4023 /* AppDelegate.swift */; };
		CC2274812901733500DF4023 /* SceneDelegate.swift in Sources */ = {isa = PBXBuildFile; fileRef = CC2274802901733500DF4023 /* SceneDelegate.swift */; };
		CC2274882901733500DF4023 /* Assets.xcassets in Resources */ = {isa = PBXBuildFile; fileRef = CC2274872901733500DF4023 /* Assets.xcassets */; };
		CC22748B2901733500DF4023 /* LaunchScreen.storyboard in Resources */ = {isa = PBXBuildFile; fileRef = CC2274892901733500DF4023 /* LaunchScreen.storyboard */; };
		CC227493290173D000DF4023 /* GoogleService-Info.plist in Resources */ = {isa = PBXBuildFile; fileRef = CC227492290173CF00DF4023 /* GoogleService-Info.plist */; };
		CC227496290174A900DF4023 /* FirebaseAuth in Frameworks */ = {isa = PBXBuildFile; productRef = CC227495290174A900DF4023 /* FirebaseAuth */; };
		CC227498290174A900DF4023 /* FirebaseFirestore in Frameworks */ = {isa = PBXBuildFile; productRef = CC227497290174A900DF4023 /* FirebaseFirestore */; };
		CC22749A290174A900DF4023 /* FirebaseStorage in Frameworks */ = {isa = PBXBuildFile; productRef = CC227499290174A900DF4023 /* FirebaseStorage */; };
		CC22749E2901786D00DF4023 /* LoginViewController.swift in Sources */ = {isa = PBXBuildFile; fileRef = CC22749D2901786D00DF4023 /* LoginViewController.swift */; };
		CC2274A029017B1300DF4023 /* Login.storyboard in Resources */ = {isa = PBXBuildFile; fileRef = CC22749F29017B1300DF4023 /* Login.storyboard */; };
		CC2274A329019D6D00DF4023 /* SignInViewController.swift in Sources */ = {isa = PBXBuildFile; fileRef = CC2274A229019D6D00DF4023 /* SignInViewController.swift */; };
		CC2274A529019D8000DF4023 /* SignUpViewController.swift in Sources */ = {isa = PBXBuildFile; fileRef = CC2274A429019D8000DF4023 /* SignUpViewController.swift */; };
		CC2274A72902C11F00DF4023 /* LoginViewModel.swift in Sources */ = {isa = PBXBuildFile; fileRef = CC2274A62902C11F00DF4023 /* LoginViewModel.swift */; };
		CC2274AA2902C26900DF4023 /* LoginResponseModel.swift in Sources */ = {isa = PBXBuildFile; fileRef = CC2274A92902C26900DF4023 /* LoginResponseModel.swift */; };
		CC2274AE2902C33D00DF4023 /* SignIn.storyboard in Resources */ = {isa = PBXBuildFile; fileRef = CC2274AD2902C33D00DF4023 /* SignIn.storyboard */; };
		CC2274B22902C44400DF4023 /* SignUp.storyboard in Resources */ = {isa = PBXBuildFile; fileRef = CC2274B12902C44400DF4023 /* SignUp.storyboard */; };
		CC2274B42902C7DA00DF4023 /* ObservableObject.swift in Sources */ = {isa = PBXBuildFile; fileRef = CC2274B32902C7DA00DF4023 /* ObservableObject.swift */; };
/* End PBXBuildFile section */

/* Begin PBXFileReference section */
		CC22747B2901733500DF4023 /* Angle.app */ = {isa = PBXFileReference; explicitFileType = wrapper.application; includeInIndex = 0; path = Angle.app; sourceTree = BUILT_PRODUCTS_DIR; };
		CC22747E2901733500DF4023 /* AppDelegate.swift */ = {isa = PBXFileReference; lastKnownFileType = sourcecode.swift; path = AppDelegate.swift; sourceTree = "<group>"; };
		CC2274802901733500DF4023 /* SceneDelegate.swift */ = {isa = PBXFileReference; lastKnownFileType = sourcecode.swift; path = SceneDelegate.swift; sourceTree = "<group>"; };
		CC2274872901733500DF4023 /* Assets.xcassets */ = {isa = PBXFileReference; lastKnownFileType = folder.assetcatalog; path = Assets.xcassets; sourceTree = "<group>"; };
		CC22748A2901733500DF4023 /* Base */ = {isa = PBXFileReference; lastKnownFileType = file.storyboard; name = Base; path = Base.lproj/LaunchScreen.storyboard; sourceTree = "<group>"; };
		CC22748C2901733500DF4023 /* Info.plist */ = {isa = PBXFileReference; lastKnownFileType = text.plist.xml; path = Info.plist; sourceTree = "<group>"; };
		CC227492290173CF00DF4023 /* GoogleService-Info.plist */ = {isa = PBXFileReference; lastKnownFileType = text.plist; path = "GoogleService-Info.plist"; sourceTree = SOURCE_ROOT; };
		CC22749D2901786D00DF4023 /* LoginViewController.swift */ = {isa = PBXFileReference; lastKnownFileType = sourcecode.swift; path = LoginViewController.swift; sourceTree = "<group>"; };
		CC22749F29017B1300DF4023 /* Login.storyboard */ = {isa = PBXFileReference; lastKnownFileType = file.storyboard; path = Login.storyboard; sourceTree = "<group>"; };
		CC2274A229019D6D00DF4023 /* SignInViewController.swift */ = {isa = PBXFileReference; lastKnownFileType = sourcecode.swift; path = SignInViewController.swift; sourceTree = "<group>"; };
		CC2274A429019D8000DF4023 /* SignUpViewController.swift */ = {isa = PBXFileReference; lastKnownFileType = sourcecode.swift; path = SignUpViewController.swift; sourceTree = "<group>"; };
		CC2274A62902C11F00DF4023 /* LoginViewModel.swift */ = {isa = PBXFileReference; lastKnownFileType = sourcecode.swift; path = LoginViewModel.swift; sourceTree = "<group>"; };
		CC2274A92902C26900DF4023 /* LoginResponseModel.swift */ = {isa = PBXFileReference; lastKnownFileType = sourcecode.swift; path = LoginResponseModel.swift; sourceTree = "<group>"; };
		CC2274AD2902C33D00DF4023 /* SignIn.storyboard */ = {isa = PBXFileReference; lastKnownFileType = file.storyboard; path = SignIn.storyboard; sourceTree = "<group>"; };
		CC2274B12902C44400DF4023 /* SignUp.storyboard */ = {isa = PBXFileReference; lastKnownFileType = file.storyboard; path = SignUp.storyboard; sourceTree = "<group>"; };
		CC2274B32902C7DA00DF4023 /* ObservableObject.swift */ = {isa = PBXFileReference; lastKnownFileType = sourcecode.swift; path = ObservableObject.swift; sourceTree = "<group>"; };
/* End PBXFileReference section */

/* Begin PBXFrameworksBuildPhase section */
		CC2274782901733500DF4023 /* Frameworks */ = {
			isa = PBXFrameworksBuildPhase;
			buildActionMask = 2147483647;
			files = (
				CC227496290174A900DF4023 /* FirebaseAuth in Frameworks */,
				CC227498290174A900DF4023 /* FirebaseFirestore in Frameworks */,
				CC22749A290174A900DF4023 /* FirebaseStorage in Frameworks */,
			);
			runOnlyForDeploymentPostprocessing = 0;
		};
/* End PBXFrameworksBuildPhase section */

/* Begin PBXGroup section */
		CC2274722901733500DF4023 = {
			isa = PBXGroup;
			children = (
				CC22747D2901733500DF4023 /* Angle */,
				CC22747C2901733500DF4023 /* Products */,
			);
			sourceTree = "<group>";
		};
		CC22747C2901733500DF4023 /* Products */ = {
			isa = PBXGroup;
			children = (
				CC22747B2901733500DF4023 /* Angle.app */,
			);
			name = Products;
			sourceTree = "<group>";
		};
		CC22747D2901733500DF4023 /* Angle */ = {
			isa = PBXGroup;
			children = (
				CC22749B2901755800DF4023 /* Application */,
				CC2274A1290192F800DF4023 /* Modules */,
				CC2274B32902C7DA00DF4023 /* ObservableObject.swift */,
				CC2274872901733500DF4023 /* Assets.xcassets */,
				CC2274892901733500DF4023 /* LaunchScreen.storyboard */,
				CC22748C2901733500DF4023 /* Info.plist */,
				CC227492290173CF00DF4023 /* GoogleService-Info.plist */,
			);
			path = Angle;
			sourceTree = "<group>";
		};
		CC22749B2901755800DF4023 /* Application */ = {
			isa = PBXGroup;
			children = (
				CC22747E2901733500DF4023 /* AppDelegate.swift */,
				CC2274802901733500DF4023 /* SceneDelegate.swift */,
			);
			path = Application;
			sourceTree = "<group>";
		};
		CC22749C2901785500DF4023 /* Login */ = {
			isa = PBXGroup;
			children = (
				CC22749D2901786D00DF4023 /* LoginViewController.swift */,
				CC2274A62902C11F00DF4023 /* LoginViewModel.swift */,
				CC22749F29017B1300DF4023 /* Login.storyboard */,
				CC2274A82902C24900DF4023 /* Entities */,
			);
			path = Login;
			sourceTree = "<group>";
		};
		CC2274A1290192F800DF4023 /* Modules */ = {
			isa = PBXGroup;
			children = (
				CC2274AC2902C2C900DF4023 /* SignUp */,
				CC2274AB2902C2C000DF4023 /* SignIn */,
				CC22749C2901785500DF4023 /* Login */,
			);
			path = Modules;
			sourceTree = "<group>";
		};
		CC2274A82902C24900DF4023 /* Entities */ = {
			isa = PBXGroup;
			children = (
				CC2274A92902C26900DF4023 /* LoginResponseModel.swift */,
			);
			path = Entities;
			sourceTree = "<group>";
		};
		CC2274AB2902C2C000DF4023 /* SignIn */ = {
			isa = PBXGroup;
			children = (
				CC2274A229019D6D00DF4023 /* SignInViewController.swift */,
				CC2274AD2902C33D00DF4023 /* SignIn.storyboard */,
			);
			path = SignIn;
			sourceTree = "<group>";
		};
		CC2274AC2902C2C900DF4023 /* SignUp */ = {
			isa = PBXGroup;
			children = (
				CC2274A429019D8000DF4023 /* SignUpViewController.swift */,
				CC2274B12902C44400DF4023 /* SignUp.storyboard */,
			);
			path = SignUp;
			sourceTree = "<group>";
		};
/* End PBXGroup section */

/* Begin PBXNativeTarget section */
		CC22747A2901733500DF4023 /* Angle */ = {
			isa = PBXNativeTarget;
			buildConfigurationList = CC22748F2901733500DF4023 /* Build configuration list for PBXNativeTarget "Angle" */;
			buildPhases = (
				CC2274772901733500DF4023 /* Sources */,
				CC2274782901733500DF4023 /* Frameworks */,
				CC2274792901733500DF4023 /* Resources */,
			);
			buildRules = (
			);
			dependencies = (
			);
			name = Angle;
			packageProductDependencies = (
				CC227495290174A900DF4023 /* FirebaseAuth */,
				CC227497290174A900DF4023 /* FirebaseFirestore */,
				CC227499290174A900DF4023 /* FirebaseStorage */,
			);
			productName = Angle;
			productReference = CC22747B2901733500DF4023 /* Angle.app */;
			productType = "com.apple.product-type.application";
		};
/* End PBXNativeTarget section */

/* Begin PBXProject section */
		CC2274732901733500DF4023 /* Project object */ = {
			isa = PBXProject;
			attributes = {
				BuildIndependentTargetsInParallel = 1;
				LastSwiftUpdateCheck = 1400;
				LastUpgradeCheck = 1400;
				TargetAttributes = {
					CC22747A2901733500DF4023 = {
						CreatedOnToolsVersion = 14.0.1;
					};
				};
			};
			buildConfigurationList = CC2274762901733500DF4023 /* Build configuration list for PBXProject "Angle" */;
			compatibilityVersion = "Xcode 14.0";
			developmentRegion = en;
			hasScannedForEncodings = 0;
			knownRegions = (
				en,
				Base,
			);
			mainGroup = CC2274722901733500DF4023;
			packageReferences = (
				CC227494290174A900DF4023 /* XCRemoteSwiftPackageReference "firebase-ios-sdk" */,
			);
			productRefGroup = CC22747C2901733500DF4023 /* Products */;
			projectDirPath = "";
			projectRoot = "";
			targets = (
				CC22747A2901733500DF4023 /* Angle */,
			);
		};
/* End PBXProject section */

/* Begin PBXResourcesBuildPhase section */
		CC2274792901733500DF4023 /* Resources */ = {
			isa = PBXResourcesBuildPhase;
			buildActionMask = 2147483647;
			files = (
				CC2274A029017B1300DF4023 /* Login.storyboard in Resources */,
				CC2274AE2902C33D00DF4023 /* SignIn.storyboard in Resources */,
				CC2274B22902C44400DF4023 /* SignUp.storyboard in Resources */,
				CC22748B2901733500DF4023 /* LaunchScreen.storyboard in Resources */,
				CC227493290173D000DF4023 /* GoogleService-Info.plist in Resources */,
				CC2274882901733500DF4023 /* Assets.xcassets in Resources */,
			);
			runOnlyForDeploymentPostprocessing = 0;
		};
/* End PBXResourcesBuildPhase section */

/* Begin PBXSourcesBuildPhase section */
		CC2274772901733500DF4023 /* Sources */ = {
			isa = PBXSourcesBuildPhase;
			buildActionMask = 2147483647;
			files = (
				CC2274A329019D6D00DF4023 /* SignInViewController.swift in Sources */,
				CC2274AA2902C26900DF4023 /* LoginResponseModel.swift in Sources */,
				CC22749E2901786D00DF4023 /* LoginViewController.swift in Sources */,
				CC2274A72902C11F00DF4023 /* LoginViewModel.swift in Sources */,
				CC22747F2901733500DF4023 /* AppDelegate.swift in Sources */,
				CC2274B42902C7DA00DF4023 /* ObservableObject.swift in Sources */,
				CC2274812901733500DF4023 /* SceneDelegate.swift in Sources */,
				CC2274A529019D8000DF4023 /* SignUpViewController.swift in Sources */,
			);
			runOnlyForDeploymentPostprocessing = 0;
		};
/* End PBXSourcesBuildPhase section */

/* Begin PBXVariantGroup section */
		CC2274892901733500DF4023 /* LaunchScreen.storyboard */ = {
			isa = PBXVariantGroup;
			children = (
				CC22748A2901733500DF4023 /* Base */,
			);
			name = LaunchScreen.storyboard;
			sourceTree = "<group>";
		};
/* End PBXVariantGroup section */

/* Begin XCBuildConfiguration section */
		CC22748D2901733500DF4023 /* Debug */ = {
			isa = XCBuildConfiguration;
			buildSettings = {
				ALWAYS_SEARCH_USER_PATHS = NO;
				CLANG_ANALYZER_NONNULL = YES;
				CLANG_ANALYZER_NUMBER_OBJECT_CONVERSION = YES_AGGRESSIVE;
				CLANG_CXX_LANGUAGE_STANDARD = "gnu++20";
				CLANG_ENABLE_MODULES = YES;
				CLANG_ENABLE_OBJC_ARC = YES;
				CLANG_ENABLE_OBJC_WEAK = YES;
				CLANG_WARN_BLOCK_CAPTURE_AUTORELEASING = YES;
				CLANG_WARN_BOOL_CONVERSION = YES;
				CLANG_WARN_COMMA = YES;
				CLANG_WARN_CONSTANT_CONVERSION = YES;
				CLANG_WARN_DEPRECATED_OBJC_IMPLEMENTATIONS = YES;
				CLANG_WARN_DIRECT_OBJC_ISA_USAGE = YES_ERROR;
				CLANG_WARN_DOCUMENTATION_COMMENTS = YES;
				CLANG_WARN_EMPTY_BODY = YES;
				CLANG_WARN_ENUM_CONVERSION = YES;
				CLANG_WARN_INFINITE_RECURSION = YES;
				CLANG_WARN_INT_CONVERSION = YES;
				CLANG_WARN_NON_LITERAL_NULL_CONVERSION = YES;
				CLANG_WARN_OBJC_IMPLICIT_RETAIN_SELF = YES;
				CLANG_WARN_OBJC_LITERAL_CONVERSION = YES;
				CLANG_WARN_OBJC_ROOT_CLASS = YES_ERROR;
				CLANG_WARN_QUOTED_INCLUDE_IN_FRAMEWORK_HEADER = YES;
				CLANG_WARN_RANGE_LOOP_ANALYSIS = YES;
				CLANG_WARN_STRICT_PROTOTYPES = YES;
				CLANG_WARN_SUSPICIOUS_MOVE = YES;
				CLANG_WARN_UNGUARDED_AVAILABILITY = YES_AGGRESSIVE;
				CLANG_WARN_UNREACHABLE_CODE = YES;
				CLANG_WARN__DUPLICATE_METHOD_MATCH = YES;
				COPY_PHASE_STRIP = NO;
				DEBUG_INFORMATION_FORMAT = dwarf;
				ENABLE_STRICT_OBJC_MSGSEND = YES;
				ENABLE_TESTABILITY = YES;
				GCC_C_LANGUAGE_STANDARD = gnu11;
				GCC_DYNAMIC_NO_PIC = NO;
				GCC_NO_COMMON_BLOCKS = YES;
				GCC_OPTIMIZATION_LEVEL = 0;
				GCC_PREPROCESSOR_DEFINITIONS = (
					"DEBUG=1",
					"$(inherited)",
				);
				GCC_WARN_64_TO_32_BIT_CONVERSION = YES;
				GCC_WARN_ABOUT_RETURN_TYPE = YES_ERROR;
				GCC_WARN_UNDECLARED_SELECTOR = YES;
				GCC_WARN_UNINITIALIZED_AUTOS = YES_AGGRESSIVE;
				GCC_WARN_UNUSED_FUNCTION = YES;
				GCC_WARN_UNUSED_VARIABLE = YES;
				IPHONEOS_DEPLOYMENT_TARGET = 16.0;
				MTL_ENABLE_DEBUG_INFO = INCLUDE_SOURCE;
				MTL_FAST_MATH = YES;
				ONLY_ACTIVE_ARCH = YES;
				SDKROOT = iphoneos;
				SWIFT_ACTIVE_COMPILATION_CONDITIONS = DEBUG;
				SWIFT_OPTIMIZATION_LEVEL = "-Onone";
			};
			name = Debug;
		};
		CC22748E2901733500DF4023 /* Release */ = {
			isa = XCBuildConfiguration;
			buildSettings = {
				ALWAYS_SEARCH_USER_PATHS = NO;
				CLANG_ANALYZER_NONNULL = YES;
				CLANG_ANALYZER_NUMBER_OBJECT_CONVERSION = YES_AGGRESSIVE;
				CLANG_CXX_LANGUAGE_STANDARD = "gnu++20";
				CLANG_ENABLE_MODULES = YES;
				CLANG_ENABLE_OBJC_ARC = YES;
				CLANG_ENABLE_OBJC_WEAK = YES;
				CLANG_WARN_BLOCK_CAPTURE_AUTORELEASING = YES;
				CLANG_WARN_BOOL_CONVERSION = YES;
				CLANG_WARN_COMMA = YES;
				CLANG_WARN_CONSTANT_CONVERSION = YES;
				CLANG_WARN_DEPRECATED_OBJC_IMPLEMENTATIONS = YES;
				CLANG_WARN_DIRECT_OBJC_ISA_USAGE = YES_ERROR;
				CLANG_WARN_DOCUMENTATION_COMMENTS = YES;
				CLANG_WARN_EMPTY_BODY = YES;
				CLANG_WARN_ENUM_CONVERSION = YES;
				CLANG_WARN_INFINITE_RECURSION = YES;
				CLANG_WARN_INT_CONVERSION = YES;
				CLANG_WARN_NON_LITERAL_NULL_CONVERSION = YES;
				CLANG_WARN_OBJC_IMPLICIT_RETAIN_SELF = YES;
				CLANG_WARN_OBJC_LITERAL_CONVERSION = YES;
				CLANG_WARN_OBJC_ROOT_CLASS = YES_ERROR;
				CLANG_WARN_QUOTED_INCLUDE_IN_FRAMEWORK_HEADER = YES;
				CLANG_WARN_RANGE_LOOP_ANALYSIS = YES;
				CLANG_WARN_STRICT_PROTOTYPES = YES;
				CLANG_WARN_SUSPICIOUS_MOVE = YES;
				CLANG_WARN_UNGUARDED_AVAILABILITY = YES_AGGRESSIVE;
				CLANG_WARN_UNREACHABLE_CODE = YES;
				CLANG_WARN__DUPLICATE_METHOD_MATCH = YES;
				COPY_PHASE_STRIP = NO;
				DEBUG_INFORMATION_FORMAT = "dwarf-with-dsym";
				ENABLE_NS_ASSERTIONS = NO;
				ENABLE_STRICT_OBJC_MSGSEND = YES;
				GCC_C_LANGUAGE_STANDARD = gnu11;
				GCC_NO_COMMON_BLOCKS = YES;
				GCC_WARN_64_TO_32_BIT_CONVERSION = YES;
				GCC_WARN_ABOUT_RETURN_TYPE = YES_ERROR;
				GCC_WARN_UNDECLARED_SELECTOR = YES;
				GCC_WARN_UNINITIALIZED_AUTOS = YES_AGGRESSIVE;
				GCC_WARN_UNUSED_FUNCTION = YES;
				GCC_WARN_UNUSED_VARIABLE = YES;
				IPHONEOS_DEPLOYMENT_TARGET = 16.0;
				MTL_ENABLE_DEBUG_INFO = NO;
				MTL_FAST_MATH = YES;
				SDKROOT = iphoneos;
				SWIFT_COMPILATION_MODE = wholemodule;
				SWIFT_OPTIMIZATION_LEVEL = "-O";
				VALIDATE_PRODUCT = YES;
			};
			name = Release;
		};
		CC2274902901733500DF4023 /* Debug */ = {
			isa = XCBuildConfiguration;
			buildSettings = {
				ASSETCATALOG_COMPILER_APPICON_NAME = AppIcon;
				ASSETCATALOG_COMPILER_GLOBAL_ACCENT_COLOR_NAME = AccentColor;
				CODE_SIGN_STYLE = Automatic;
				CURRENT_PROJECT_VERSION = 1;
				DEVELOPMENT_TEAM = 36G2J6D7N4;
				GENERATE_INFOPLIST_FILE = YES;
				INFOPLIST_FILE = Angle/Info.plist;
				INFOPLIST_KEY_UIApplicationSupportsIndirectInputEvents = YES;
				INFOPLIST_KEY_UILaunchStoryboardName = LaunchScreen.storyboard;
				INFOPLIST_KEY_UISupportedInterfaceOrientations_iPad = "UIInterfaceOrientationPortrait UIInterfaceOrientationPortraitUpsideDown UIInterfaceOrientationLandscapeLeft UIInterfaceOrientationLandscapeRight";
				INFOPLIST_KEY_UISupportedInterfaceOrientations_iPhone = "UIInterfaceOrientationPortrait UIInterfaceOrientationLandscapeLeft UIInterfaceOrientationLandscapeRight";
				LD_RUNPATH_SEARCH_PATHS = (
					"$(inherited)",
					"@executable_path/Frameworks",
				);
				MARKETING_VERSION = 1.0;
				PRODUCT_BUNDLE_IDENTIFIER = com.ridvanyilmaz.Angle;
				PRODUCT_NAME = "$(TARGET_NAME)";
				SWIFT_EMIT_LOC_STRINGS = YES;
				SWIFT_VERSION = 5.0;
				TARGETED_DEVICE_FAMILY = "1,2";
			};
			name = Debug;
		};
		CC2274912901733500DF4023 /* Release */ = {
			isa = XCBuildConfiguration;
			buildSettings = {
				ASSETCATALOG_COMPILER_APPICON_NAME = AppIcon;
				ASSETCATALOG_COMPILER_GLOBAL_ACCENT_COLOR_NAME = AccentColor;
				CODE_SIGN_STYLE = Automatic;
				CURRENT_PROJECT_VERSION = 1;
				DEVELOPMENT_TEAM = 36G2J6D7N4;
				GENERATE_INFOPLIST_FILE = YES;
				INFOPLIST_FILE = Angle/Info.plist;
				INFOPLIST_KEY_UIApplicationSupportsIndirectInputEvents = YES;
				INFOPLIST_KEY_UILaunchStoryboardName = LaunchScreen.storyboard;
				INFOPLIST_KEY_UISupportedInterfaceOrientations_iPad = "UIInterfaceOrientationPortrait UIInterfaceOrientationPortraitUpsideDown UIInterfaceOrientationLandscapeLeft UIInterfaceOrientationLandscapeRight";
				INFOPLIST_KEY_UISupportedInterfaceOrientations_iPhone = "UIInterfaceOrientationPortrait UIInterfaceOrientationLandscapeLeft UIInterfaceOrientationLandscapeRight";
				LD_RUNPATH_SEARCH_PATHS = (
					"$(inherited)",
					"@executable_path/Frameworks",
				);
				MARKETING_VERSION = 1.0;
				PRODUCT_BUNDLE_IDENTIFIER = com.ridvanyilmaz.Angle;
				PRODUCT_NAME = "$(TARGET_NAME)";
				SWIFT_EMIT_LOC_STRINGS = YES;
				SWIFT_VERSION = 5.0;
				TARGETED_DEVICE_FAMILY = "1,2";
			};
			name = Release;
		};
/* End XCBuildConfiguration section */

/* Begin XCConfigurationList section */
		CC2274762901733500DF4023 /* Build configuration list for PBXProject "Angle" */ = {
			isa = XCConfigurationList;
			buildConfigurations = (
				CC22748D2901733500DF4023 /* Debug */,
				CC22748E2901733500DF4023 /* Release */,
			);
			defaultConfigurationIsVisible = 0;
			defaultConfigurationName = Release;
		};
		CC22748F2901733500DF4023 /* Build configuration list for PBXNativeTarget "Angle" */ = {
			isa = XCConfigurationList;
			buildConfigurations = (
				CC2274902901733500DF4023 /* Debug */,
				CC2274912901733500DF4023 /* Release */,
			);
			defaultConfigurationIsVisible = 0;
			defaultConfigurationName = Release;
		};
/* End XCConfigurationList section */

/* Begin XCRemoteSwiftPackageReference section */
		CC227494290174A900DF4023 /* XCRemoteSwiftPackageReference "firebase-ios-sdk" */ = {
			isa = XCRemoteSwiftPackageReference;
			repositoryURL = "https://github.com/firebase/firebase-ios-sdk";
			requirement = {
				kind = upToNextMajorVersion;
				minimumVersion = 9.0.0;
			};
		};
/* End XCRemoteSwiftPackageReference section */

/* Begin XCSwiftPackageProductDependency section */
		CC227495290174A900DF4023 /* FirebaseAuth */ = {
			isa = XCSwiftPackageProductDependency;
			package = CC227494290174A900DF4023 /* XCRemoteSwiftPackageReference "firebase-ios-sdk" */;
			productName = FirebaseAuth;
		};
		CC227497290174A900DF4023 /* FirebaseFirestore */ = {
			isa = XCSwiftPackageProductDependency;
			package = CC227494290174A900DF4023 /* XCRemoteSwiftPackageReference "firebase-ios-sdk" */;
			productName = FirebaseFirestore;
		};
		CC227499290174A900DF4023 /* FirebaseStorage */ = {
			isa = XCSwiftPackageProductDependency;
			package = CC227494290174A900DF4023 /* XCRemoteSwiftPackageReference "firebase-ios-sdk" */;
			productName = FirebaseStorage;
		};
/* End XCSwiftPackageProductDependency section */
	};
	rootObject = CC2274732901733500DF4023 /* Project object */;
}
